
Microsoft Visual Studio Solution File, Format Version 12.00
# Visual Studio 2012
Project("{F2A71F9B-5D33-465A-A702-920D77279786}") = "Daemaged.ReferenceReplacer", "ReferenceReplacer\Daemaged.ReferenceReplacer.fsproj", "{07EE6F30-0873-4451-AF0B-69559916F862}"
EndProject
Project("{2150E333-8FDC-42A3-9474-1A3956D46DE8}") = ".nuget", ".nuget", "{EEEE38F6-2FCF-46F9-A5DC-798732485ACE}"
	ProjectSection(SolutionItems) = preProject
		.nuget\packages.config = .nuget\packages.config
	EndProjectSection
EndProject
Global
	GlobalSection(SolutionConfigurationPlatforms) = preSolution
		Debug|Any CPU = Debug|Any CPU
		Release|Any CPU = Release|Any CPU
	EndGlobalSection
	GlobalSection(ProjectConfigurationPlatforms) = postSolution
		{07EE6F30-0873-4451-AF0B-69559916F862}.Debug|Any CPU.ActiveCfg = Debug|Any CPU
		{07EE6F30-0873-4451-AF0B-69559916F862}.Debug|Any CPU.Build.0 = Debug|Any CPU
		{07EE6F30-0873-4451-AF0B-69559916F862}.Release|Any CPU.ActiveCfg = Release|Any CPU
		{07EE6F30-0873-4451-AF0B-69559916F862}.Release|Any CPU.Build.0 = Release|Any CPU
	EndGlobalSection
	GlobalSection(SolutionProperties) = preSolution
		HideSolutionNode = FALSE
	EndGlobalSection
EndGlobal
